
Microsoft Visual Studio Solution File, Format Version 12.00
# Visual Studio Version 17
VisualStudioVersion = 17.0.31710.8
MinimumVisualStudioVersion = 10.0.40219.1
Project("{2150E333-8FDC-42A3-9474-1A3956D46DE8}") = "src", "src", "{A43F1828-D9B6-40F7-82B6-CA0070843E2F}"
	ProjectSection(SolutionItems) = preProject
		src\Directory.Build.props = src\Directory.Build.props
	EndProjectSection
EndProject
Project("{2150E333-8FDC-42A3-9474-1A3956D46DE8}") = "tests", "tests", "{F5E4436F-87F2-46AB-A9EB-59B4BF21BF7A}"
EndProject
Project("{9A19103F-16F7-4668-BE54-9A1E7A4F7556}") = "EntityFrameworkCore.Projectables.Generator", "src\EntityFrameworkCore.Projectables.Generator\EntityFrameworkCore.Projectables.Generator.csproj", "{698E3EEC-64F9-4F96-B700-D61D04FD0704}"
EndProject
Project("{9A19103F-16F7-4668-BE54-9A1E7A4F7556}") = "EntityFrameworkCore.Projectables.Generator.Tests", "tests\EntityFrameworkCore.Projectables.Generator.Tests\EntityFrameworkCore.Projectables.Generator.Tests.csproj", "{20F85652-2923-4211-9262-C64BA8C9ED89}"
EndProject
Project("{2150E333-8FDC-42A3-9474-1A3956D46DE8}") = "Solution Items", "Solution Items", "{7B02E555-9633-4522-8C20-AD93C713C9AE}"
	ProjectSection(SolutionItems) = preProject
		.editorconfig = .editorconfig
		Directory.Build.props = Directory.Build.props
		Directory.Packages.props = Directory.Packages.props
		.gitattributes = .gitattributes
		.gitignore = .gitignore
		global.json = global.json
		LICENSE.md = LICENSE.md
		README.md = README.md
	EndProjectSection
EndProject
Project("{9A19103F-16F7-4668-BE54-9A1E7A4F7556}") = "EntityFrameworkCore.Projectables", "src\EntityFrameworkCore.Projectables\EntityFrameworkCore.Projectables.csproj", "{EE4D6CC1-78DE-4279-A567-C3D360C479F8}"
EndProject
Project("{2150E333-8FDC-42A3-9474-1A3956D46DE8}") = "samples", "samples", "{07584D01-2D30-404B-B0D1-32080C0CC18A}"
EndProject
Project("{9A19103F-16F7-4668-BE54-9A1E7A4F7556}") = "EntityFrameworkCore.Projectables.Abstractions", "src\EntityFrameworkCore.Projectables.Abstractions\EntityFrameworkCore.Projectables.Abstractions.csproj", "{C8038180-36F8-4077-922B-91F428EAC7D9}"
EndProject
Project("{9A19103F-16F7-4668-BE54-9A1E7A4F7556}") = "EntityFrameworkCore.Projectables.Tests", "tests\EntityFrameworkCore.Projectables.Tests\EntityFrameworkCore.Projectables.Tests.csproj", "{2F0DD7D7-867F-4478-9E22-45C114B61C46}"
EndProject
Project("{9A19103F-16F7-4668-BE54-9A1E7A4F7556}") = "EntityFrameworkCore.Projectables.FunctionalTests", "tests\EntityFrameworkCore.Projectables.FunctionalTests\EntityFrameworkCore.Projectables.FunctionalTests.csproj", "{A36F5471-0C16-4453-811B-818326931313}"
EndProject
Project("{9A19103F-16F7-4668-BE54-9A1E7A4F7556}") = "ReadmeSample", "samples\ReadmeSample\ReadmeSample.csproj", "{6F63E04C-9267-4211-8AC7-290C60331D60}"
EndProject
Project("{2150E333-8FDC-42A3-9474-1A3956D46DE8}") = "benchmarks", "benchmarks", "{D1DB50EE-D639-46B0-8966-D0AA5F569620}"
EndProject
Project("{9A19103F-16F7-4668-BE54-9A1E7A4F7556}") = "EntityFrameworkCore.Projectables.Benchmarks", "benchmarks\EntityFrameworkCore.Projectables.Benchmarks\EntityFrameworkCore.Projectables.Benchmarks.csproj", "{F2F01B61-5FB8-4F96-A6DE-824C9756B365}"
EndProject
Global
	GlobalSection(SolutionConfigurationPlatforms) = preSolution
		Debug|Any CPU = Debug|Any CPU
		Release|Any CPU = Release|Any CPU
	EndGlobalSection
	GlobalSection(ProjectConfigurationPlatforms) = postSolution
		{698E3EEC-64F9-4F96-B700-D61D04FD0704}.Debug|Any CPU.ActiveCfg = Debug|Any CPU
		{698E3EEC-64F9-4F96-B700-D61D04FD0704}.Debug|Any CPU.Build.0 = Debug|Any CPU
		{698E3EEC-64F9-4F96-B700-D61D04FD0704}.Release|Any CPU.ActiveCfg = Release|Any CPU
		{698E3EEC-64F9-4F96-B700-D61D04FD0704}.Release|Any CPU.Build.0 = Release|Any CPU
		{20F85652-2923-4211-9262-C64BA8C9ED89}.Debug|Any CPU.ActiveCfg = Debug|Any CPU
		{20F85652-2923-4211-9262-C64BA8C9ED89}.Debug|Any CPU.Build.0 = Debug|Any CPU
		{20F85652-2923-4211-9262-C64BA8C9ED89}.Release|Any CPU.ActiveCfg = Release|Any CPU
		{20F85652-2923-4211-9262-C64BA8C9ED89}.Release|Any CPU.Build.0 = Release|Any CPU
		{EE4D6CC1-78DE-4279-A567-C3D360C479F8}.Debug|Any CPU.ActiveCfg = Debug|Any CPU
		{EE4D6CC1-78DE-4279-A567-C3D360C479F8}.Debug|Any CPU.Build.0 = Debug|Any CPU
		{EE4D6CC1-78DE-4279-A567-C3D360C479F8}.Release|Any CPU.ActiveCfg = Release|Any CPU
		{EE4D6CC1-78DE-4279-A567-C3D360C479F8}.Release|Any CPU.Build.0 = Release|Any CPU
		{C8038180-36F8-4077-922B-91F428EAC7D9}.Debug|Any CPU.ActiveCfg = Debug|Any CPU
		{C8038180-36F8-4077-922B-91F428EAC7D9}.Debug|Any CPU.Build.0 = Debug|Any CPU
		{C8038180-36F8-4077-922B-91F428EAC7D9}.Release|Any CPU.ActiveCfg = Release|Any CPU
		{C8038180-36F8-4077-922B-91F428EAC7D9}.Release|Any CPU.Build.0 = Release|Any CPU
		{2F0DD7D7-867F-4478-9E22-45C114B61C46}.Debug|Any CPU.ActiveCfg = Debug|Any CPU
		{2F0DD7D7-867F-4478-9E22-45C114B61C46}.Debug|Any CPU.Build.0 = Debug|Any CPU
		{2F0DD7D7-867F-4478-9E22-45C114B61C46}.Release|Any CPU.ActiveCfg = Release|Any CPU
		{2F0DD7D7-867F-4478-9E22-45C114B61C46}.Release|Any CPU.Build.0 = Release|Any CPU
		{A36F5471-0C16-4453-811B-818326931313}.Debug|Any CPU.ActiveCfg = Debug|Any CPU
		{A36F5471-0C16-4453-811B-818326931313}.Debug|Any CPU.Build.0 = Debug|Any CPU
		{A36F5471-0C16-4453-811B-818326931313}.Release|Any CPU.ActiveCfg = Release|Any CPU
		{A36F5471-0C16-4453-811B-818326931313}.Release|Any CPU.Build.0 = Release|Any CPU
		{6F63E04C-9267-4211-8AC7-290C60331D60}.Debug|Any CPU.ActiveCfg = Debug|Any CPU
		{6F63E04C-9267-4211-8AC7-290C60331D60}.Debug|Any CPU.Build.0 = Debug|Any CPU
		{6F63E04C-9267-4211-8AC7-290C60331D60}.Release|Any CPU.ActiveCfg = Release|Any CPU
		{6F63E04C-9267-4211-8AC7-290C60331D60}.Release|Any CPU.Build.0 = Release|Any CPU
		{F2F01B61-5FB8-4F96-A6DE-824C9756B365}.Debug|Any CPU.ActiveCfg = Debug|Any CPU
		{F2F01B61-5FB8-4F96-A6DE-824C9756B365}.Debug|Any CPU.Build.0 = Debug|Any CPU
		{F2F01B61-5FB8-4F96-A6DE-824C9756B365}.Release|Any CPU.ActiveCfg = Release|Any CPU
		{F2F01B61-5FB8-4F96-A6DE-824C9756B365}.Release|Any CPU.Build.0 = Release|Any CPU
	EndGlobalSection
	GlobalSection(SolutionProperties) = preSolution
		HideSolutionNode = FALSE
	EndGlobalSection
	GlobalSection(NestedProjects) = preSolution
		{698E3EEC-64F9-4F96-B700-D61D04FD0704} = {A43F1828-D9B6-40F7-82B6-CA0070843E2F}
		{20F85652-2923-4211-9262-C64BA8C9ED89} = {F5E4436F-87F2-46AB-A9EB-59B4BF21BF7A}
		{EE4D6CC1-78DE-4279-A567-C3D360C479F8} = {A43F1828-D9B6-40F7-82B6-CA0070843E2F}
		{C8038180-36F8-4077-922B-91F428EAC7D9} = {A43F1828-D9B6-40F7-82B6-CA0070843E2F}
		{2F0DD7D7-867F-4478-9E22-45C114B61C46} = {F5E4436F-87F2-46AB-A9EB-59B4BF21BF7A}
		{A36F5471-0C16-4453-811B-818326931313} = {F5E4436F-87F2-46AB-A9EB-59B4BF21BF7A}
		{6F63E04C-9267-4211-8AC7-290C60331D60} = {07584D01-2D30-404B-B0D1-32080C0CC18A}
		{F2F01B61-5FB8-4F96-A6DE-824C9756B365} = {D1DB50EE-D639-46B0-8966-D0AA5F569620}
	EndGlobalSection
	GlobalSection(ExtensibilityGlobals) = postSolution
		SolutionGuid = {D17BD356-592C-4628-9D81-A04E24FF02F3}
	EndGlobalSection
EndGlobal
